
Microsoft Visual Studio Solution File, Format Version 12.00
# Visual Studio Version 16
VisualStudioVersion = 16.0.28315.86
MinimumVisualStudioVersion = 10.0.40219.1
Project("{2150E333-8FDC-42A3-9474-1A3956D46DE8}") = "Engine", "Engine", "{F7FDC9FC-3D02-400C-88C1-2B05490103DF}"
EndProject
Project("{2150E333-8FDC-42A3-9474-1A3956D46DE8}") = "Games", "Games", "{C43C960E-B5BD-4EDD-A8CF-1E97636FB356}"
EndProject
Project("{8BC9CEB8-8B4A-11D0-8D11-00A0C91BC942}") = "UE4", "Intermediate\ProjectFiles\UE4.vcxproj", "{DF9A1AD0-D517-45D8-A05E-11C9565D721C}"
EndProject
Project("{8BC9CEB8-8B4A-11D0-8D11-00A0C91BC942}") = "FirstProject", "Intermediate\ProjectFiles\FirstProject.vcxproj", "{ACC8363A-1106-4C78-93DA-D350AAF37969}"
EndProject
Project("{2150E333-8FDC-42A3-9474-1A3956D46DE8}") = "Visualizers", "Visualizers", "{C9F9249E-87CB-419F-B253-EFF83E838DF6}"
	ProjectSection(SolutionItems) = preProject
		F:\ProgramFiles\UE_4.24\Engine\Extras\VisualStudioDebugging\UE4.natvis = F:\ProgramFiles\UE_4.24\Engine\Extras\VisualStudioDebugging\UE4.natvis
	EndProjectSection
EndProject
Global
	GlobalSection(SolutionConfigurationPlatforms) = preSolution
		DebugGame Editor|Win32 = DebugGame Editor|Win32
		DebugGame Editor|Win64 = DebugGame Editor|Win64
		DebugGame|Win32 = DebugGame|Win32
		DebugGame|Win64 = DebugGame|Win64
		Development Editor|Win32 = Development Editor|Win32
		Development Editor|Win64 = Development Editor|Win64
		Development|Win32 = Development|Win32
		Development|Win64 = Development|Win64
		Shipping|Win32 = Shipping|Win32
		Shipping|Win64 = Shipping|Win64
	EndGlobalSection
	GlobalSection(ProjectConfigurationPlatforms) = postSolution
		{DF9A1AD0-D517-45D8-A05E-11C9565D721C}.DebugGame Editor|Win32.ActiveCfg = BuiltWithUnrealBuildTool|Win32
		{DF9A1AD0-D517-45D8-A05E-11C9565D721C}.DebugGame Editor|Win64.ActiveCfg = BuiltWithUnrealBuildTool|Win32
		{DF9A1AD0-D517-45D8-A05E-11C9565D721C}.DebugGame|Win32.ActiveCfg = BuiltWithUnrealBuildTool|Win32
		{DF9A1AD0-D517-45D8-A05E-11C9565D721C}.DebugGame|Win64.ActiveCfg = BuiltWithUnrealBuildTool|Win32
		{DF9A1AD0-D517-45D8-A05E-11C9565D721C}.Development Editor|Win32.ActiveCfg = BuiltWithUnrealBuildTool|Win32
		{DF9A1AD0-D517-45D8-A05E-11C9565D721C}.Development Editor|Win64.ActiveCfg = BuiltWithUnrealBuildTool|Win32
		{DF9A1AD0-D517-45D8-A05E-11C9565D721C}.Development|Win32.ActiveCfg = BuiltWithUnrealBuildTool|Win32
		{DF9A1AD0-D517-45D8-A05E-11C9565D721C}.Development|Win64.ActiveCfg = BuiltWithUnrealBuildTool|Win32
		{DF9A1AD0-D517-45D8-A05E-11C9565D721C}.Shipping|Win32.ActiveCfg = BuiltWithUnrealBuildTool|Win32
		{DF9A1AD0-D517-45D8-A05E-11C9565D721C}.Shipping|Win64.ActiveCfg = BuiltWithUnrealBuildTool|Win32
		{ACC8363A-1106-4C78-93DA-D350AAF37969}.DebugGame Editor|Win32.ActiveCfg = Invalid|Win32
		{ACC8363A-1106-4C78-93DA-D350AAF37969}.DebugGame Editor|Win64.ActiveCfg = DebugGame_Editor|x64
		{ACC8363A-1106-4C78-93DA-D350AAF37969}.DebugGame Editor|Win64.Build.0 = DebugGame_Editor|x64
		{ACC8363A-1106-4C78-93DA-D350AAF37969}.DebugGame|Win32.ActiveCfg = DebugGame|Win32
		{ACC8363A-1106-4C78-93DA-D350AAF37969}.DebugGame|Win32.Build.0 = DebugGame|Win32
		{ACC8363A-1106-4C78-93DA-D350AAF37969}.DebugGame|Win64.ActiveCfg = DebugGame|x64
		{ACC8363A-1106-4C78-93DA-D350AAF37969}.DebugGame|Win64.Build.0 = DebugGame|x64
		{ACC8363A-1106-4C78-93DA-D350AAF37969}.Development Editor|Win32.ActiveCfg = Invalid|Win32
		{ACC8363A-1106-4C78-93DA-D350AAF37969}.Development Editor|Win64.ActiveCfg = Development_Editor|x64
		{ACC8363A-1106-4C78-93DA-D350AAF37969}.Development Editor|Win64.Build.0 = Development_Editor|x64
		{ACC8363A-1106-4C78-93DA-D350AAF37969}.Development|Win32.ActiveCfg = Development|Win32
		{ACC8363A-1106-4C78-93DA-D350AAF37969}.Development|Win32.Build.0 = Development|Win32
		{ACC8363A-1106-4C78-93DA-D350AAF37969}.Development|Win64.ActiveCfg = Development|x64
		{ACC8363A-1106-4C78-93DA-D350AAF37969}.Development|Win64.Build.0 = Development|x64
		{ACC8363A-1106-4C78-93DA-D350AAF37969}.Shipping|Win32.ActiveCfg = Shipping|Win32
		{ACC8363A-1106-4C78-93DA-D350AAF37969}.Shipping|Win32.Build.0 = Shipping|Win32
		{ACC8363A-1106-4C78-93DA-D350AAF37969}.Shipping|Win64.ActiveCfg = Shipping|x64
		{ACC8363A-1106-4C78-93DA-D350AAF37969}.Shipping|Win64.Build.0 = Shipping|x64
	EndGlobalSection
	GlobalSection(SolutionProperties) = preSolution
		HideSolutionNode = FALSE
	EndGlobalSection
	GlobalSection(NestedProjects) = preSolution
		{DF9A1AD0-D517-45D8-A05E-11C9565D721C} = {F7FDC9FC-3D02-400C-88C1-2B05490103DF}
		{ACC8363A-1106-4C78-93DA-D350AAF37969} = {C43C960E-B5BD-4EDD-A8CF-1E97636FB356}
	EndGlobalSection
EndGlobal
