
Microsoft Visual Studio Solution File, Format Version 12.00
# Visual Studio Version 16
VisualStudioVersion = 16.0.28315.86
MinimumVisualStudioVersion = 10.0.40219.1
Project("{2150E333-8FDC-42A3-9474-1A3956D46DE8}") = "Engine", "Engine", "{AB75A848-5D1B-4EEC-BC6F-9712E5EA052A}"
EndProject
Project("{2150E333-8FDC-42A3-9474-1A3956D46DE8}") = "Games", "Games", "{1473939A-C1BA-4052-8490-CED55C2D65BA}"
EndProject
Project("{8BC9CEB8-8B4A-11D0-8D11-00A0C91BC942}") = "UE4", "Intermediate\ProjectFiles\UE4.vcxproj", "{1A762AE7-2CFF-4D40-B1AD-62B9605BF58C}"
EndProject
Project("{8BC9CEB8-8B4A-11D0-8D11-00A0C91BC942}") = "FirstProject", "Intermediate\ProjectFiles\FirstProject.vcxproj", "{8D849CC7-F7D9-4DE5-8412-01E1A65E8796}"
EndProject
Project("{2150E333-8FDC-42A3-9474-1A3956D46DE8}") = "Visualizers", "Visualizers", "{42997286-B89E-4B5F-AA1D-4F573CBA8F11}"
	ProjectSection(SolutionItems) = preProject
		..\..\Epic Games\UE_4.24\Engine\Extras\VisualStudioDebugging\UE4.natvis = ..\..\Epic Games\UE_4.24\Engine\Extras\VisualStudioDebugging\UE4.natvis
	EndProjectSection
EndProject
Global
	GlobalSection(SolutionConfigurationPlatforms) = preSolution
		DebugGame Editor|Win32 = DebugGame Editor|Win32
		DebugGame Editor|Win64 = DebugGame Editor|Win64
		DebugGame|Win32 = DebugGame|Win32
		DebugGame|Win64 = DebugGame|Win64
		Development Editor|Win32 = Development Editor|Win32
		Development Editor|Win64 = Development Editor|Win64
		Development|Win32 = Development|Win32
		Development|Win64 = Development|Win64
		Shipping|Win32 = Shipping|Win32
		Shipping|Win64 = Shipping|Win64
	EndGlobalSection
	GlobalSection(ProjectConfigurationPlatforms) = postSolution
		{1A762AE7-2CFF-4D40-B1AD-62B9605BF58C}.DebugGame Editor|Win32.ActiveCfg = BuiltWithUnrealBuildTool|Win32
		{1A762AE7-2CFF-4D40-B1AD-62B9605BF58C}.DebugGame Editor|Win64.ActiveCfg = BuiltWithUnrealBuildTool|Win32
		{1A762AE7-2CFF-4D40-B1AD-62B9605BF58C}.DebugGame|Win32.ActiveCfg = BuiltWithUnrealBuildTool|Win32
		{1A762AE7-2CFF-4D40-B1AD-62B9605BF58C}.DebugGame|Win64.ActiveCfg = BuiltWithUnrealBuildTool|Win32
		{1A762AE7-2CFF-4D40-B1AD-62B9605BF58C}.Development Editor|Win32.ActiveCfg = BuiltWithUnrealBuildTool|Win32
		{1A762AE7-2CFF-4D40-B1AD-62B9605BF58C}.Development Editor|Win64.ActiveCfg = BuiltWithUnrealBuildTool|Win32
		{1A762AE7-2CFF-4D40-B1AD-62B9605BF58C}.Development|Win32.ActiveCfg = BuiltWithUnrealBuildTool|Win32
		{1A762AE7-2CFF-4D40-B1AD-62B9605BF58C}.Development|Win64.ActiveCfg = BuiltWithUnrealBuildTool|Win32
		{1A762AE7-2CFF-4D40-B1AD-62B9605BF58C}.Shipping|Win32.ActiveCfg = BuiltWithUnrealBuildTool|Win32
		{1A762AE7-2CFF-4D40-B1AD-62B9605BF58C}.Shipping|Win64.ActiveCfg = BuiltWithUnrealBuildTool|Win32
		{8D849CC7-F7D9-4DE5-8412-01E1A65E8796}.DebugGame Editor|Win32.ActiveCfg = Invalid|Win32
		{8D849CC7-F7D9-4DE5-8412-01E1A65E8796}.DebugGame Editor|Win64.ActiveCfg = DebugGame_Editor|x64
		{8D849CC7-F7D9-4DE5-8412-01E1A65E8796}.DebugGame Editor|Win64.Build.0 = DebugGame_Editor|x64
		{8D849CC7-F7D9-4DE5-8412-01E1A65E8796}.DebugGame|Win32.ActiveCfg = DebugGame|Win32
		{8D849CC7-F7D9-4DE5-8412-01E1A65E8796}.DebugGame|Win32.Build.0 = DebugGame|Win32
		{8D849CC7-F7D9-4DE5-8412-01E1A65E8796}.DebugGame|Win64.ActiveCfg = DebugGame|x64
		{8D849CC7-F7D9-4DE5-8412-01E1A65E8796}.DebugGame|Win64.Build.0 = DebugGame|x64
		{8D849CC7-F7D9-4DE5-8412-01E1A65E8796}.Development Editor|Win32.ActiveCfg = Invalid|Win32
		{8D849CC7-F7D9-4DE5-8412-01E1A65E8796}.Development Editor|Win64.ActiveCfg = Development_Editor|x64
		{8D849CC7-F7D9-4DE5-8412-01E1A65E8796}.Development Editor|Win64.Build.0 = Development_Editor|x64
		{8D849CC7-F7D9-4DE5-8412-01E1A65E8796}.Development|Win32.ActiveCfg = Development|Win32
		{8D849CC7-F7D9-4DE5-8412-01E1A65E8796}.Development|Win32.Build.0 = Development|Win32
		{8D849CC7-F7D9-4DE5-8412-01E1A65E8796}.Development|Win64.ActiveCfg = Development|x64
		{8D849CC7-F7D9-4DE5-8412-01E1A65E8796}.Development|Win64.Build.0 = Development|x64
		{8D849CC7-F7D9-4DE5-8412-01E1A65E8796}.Shipping|Win32.ActiveCfg = Shipping|Win32
		{8D849CC7-F7D9-4DE5-8412-01E1A65E8796}.Shipping|Win32.Build.0 = Shipping|Win32
		{8D849CC7-F7D9-4DE5-8412-01E1A65E8796}.Shipping|Win64.ActiveCfg = Shipping|x64
		{8D849CC7-F7D9-4DE5-8412-01E1A65E8796}.Shipping|Win64.Build.0 = Shipping|x64
	EndGlobalSection
	GlobalSection(SolutionProperties) = preSolution
		HideSolutionNode = FALSE
	EndGlobalSection
	GlobalSection(NestedProjects) = preSolution
		{1A762AE7-2CFF-4D40-B1AD-62B9605BF58C} = {AB75A848-5D1B-4EEC-BC6F-9712E5EA052A}
		{8D849CC7-F7D9-4DE5-8412-01E1A65E8796} = {1473939A-C1BA-4052-8490-CED55C2D65BA}
	EndGlobalSection
	GlobalSection(ExtensibilityGlobals) = postSolution
		SolutionGuid = {950CC47E-DCB4-4568-B6F3-E0067DCB537A}
	EndGlobalSection
EndGlobal
